
Microsoft Visual Studio Solution File, Format Version 12.00
# Visual Studio Version 17
VisualStudioVersion = 17.5.33530.505
MinimumVisualStudioVersion = 10.0.40219.1
Project("{FAE04EC0-301F-11D3-BF4B-00C04F79EFBC}") = "LevvaCoins", "LevvaCoins.csproj", "{B12EE901-FACE-4E83-A6D4-E6C58FE0CBF1}"
EndProject
Global
	GlobalSection(SolutionConfigurationPlatforms) = preSolution
		Debug|Any CPU = Debug|Any CPU
		Release|Any CPU = Release|Any CPU
	EndGlobalSection
	GlobalSection(ProjectConfigurationPlatforms) = postSolution
		{B12EE901-FACE-4E83-A6D4-E6C58FE0CBF1}.Debug|Any CPU.ActiveCfg = Debug|Any CPU
		{B12EE901-FACE-4E83-A6D4-E6C58FE0CBF1}.Debug|Any CPU.Build.0 = Debug|Any CPU
		{B12EE901-FACE-4E83-A6D4-E6C58FE0CBF1}.Release|Any CPU.ActiveCfg = Release|Any CPU
		{B12EE901-FACE-4E83-A6D4-E6C58FE0CBF1}.Release|Any CPU.Build.0 = Release|Any CPU
	EndGlobalSection
	GlobalSection(SolutionProperties) = preSolution
		HideSolutionNode = FALSE
	EndGlobalSection
	GlobalSection(ExtensibilityGlobals) = postSolution
		SolutionGuid = {48B5968D-764D-4083-B673-DE2B78FD65DC}
	EndGlobalSection
EndGlobal
